Microsoft Visual Studio Solution File, Format Version 12.00
# Visual Studio Version 17
VisualStudioVersion = 17.8.0.0
MinimumVisualStudioVersion = 17.8.0.0
Project("{9A19103F-16F7-4668-BE54-9A1E7A4F7556}") = "AspireApp.AppHost", "AspireApp.AppHost\AspireApp.AppHost.csproj", "{00E1402F-D198-4BCB-B023-96D11F584CCD}"
EndProject
Project("{9A19103F-16F7-4668-BE54-9A1E7A4F7556}") = "AspireApp.ServiceDefaults", "AspireApp.ServiceDefaults\AspireApp.ServiceDefaults.csproj", "{064AAB65-DF69-4817-953C-210FF43597D6}"
EndProject
Project("{9A19103F-16F7-4668-BE54-9A1E7A4F7556}") = "AspireApp.ApiService", "AspireApp.ApiService\AspireApp.ApiService.csproj", "{CD32BA02-6586-43CD-A838-E02FE55A628D}"
EndProject
Project("{9A19103F-16F7-4668-BE54-9A1E7A4F7556}") = "AspireApp.Web", "AspireApp.Web\AspireApp.Web.csproj", "{5F6BA782-880D-4372-91F8-1678D8C42435}"
EndProject
Global
	GlobalSection(SolutionConfigurationPlatforms) = preSolution
		Debug|Any CPU = Debug|Any CPU
		Release|Any CPU = Release|Any CPU
	EndGlobalSection
	GlobalSection(ProjectConfigurationPlatforms) = postSolution
		{00E1402F-D198-4BCB-B023-96D11F584CCD}.Debug|Any CPU.ActiveCfg = Debug|Any CPU
		{00E1402F-D198-4BCB-B023-96D11F584CCD}.Debug|Any CPU.Build.0 = Debug|Any CPU
		{00E1402F-D198-4BCB-B023-96D11F584CCD}.Release|Any CPU.ActiveCfg = Release|Any CPU
		{00E1402F-D198-4BCB-B023-96D11F584CCD}.Release|Any CPU.Build.0 = Release|Any CPU
		{064AAB65-DF69-4817-953C-210FF43597D6}.Debug|Any CPU.ActiveCfg = Debug|Any CPU
		{064AAB65-DF69-4817-953C-210FF43597D6}.Debug|Any CPU.Build.0 = Debug|Any CPU
		{064AAB65-DF69-4817-953C-210FF43597D6}.Release|Any CPU.ActiveCfg = Release|Any CPU
		{064AAB65-DF69-4817-953C-210FF43597D6}.Release|Any CPU.Build.0 = Release|Any CPU
		{CD32BA02-6586-43CD-A838-E02FE55A628D}.Debug|Any CPU.ActiveCfg = Debug|Any CPU
		{CD32BA02-6586-43CD-A838-E02FE55A628D}.Debug|Any CPU.Build.0 = Debug|Any CPU
		{CD32BA02-6586-43CD-A838-E02FE55A628D}.Release|Any CPU.ActiveCfg = Release|Any CPU
		{CD32BA02-6586-43CD-A838-E02FE55A628D}.Release|Any CPU.Build.0 = Release|Any CPU
		{5F6BA782-880D-4372-91F8-1678D8C42435}.Debug|Any CPU.ActiveCfg = Debug|Any CPU
		{5F6BA782-880D-4372-91F8-1678D8C42435}.Debug|Any CPU.Build.0 = Debug|Any CPU
		{5F6BA782-880D-4372-91F8-1678D8C42435}.Release|Any CPU.ActiveCfg = Release|Any CPU
		{5F6BA782-880D-4372-91F8-1678D8C42435}.Release|Any CPU.Build.0 = Release|Any CPU
	EndGlobalSection
	GlobalSection(SolutionProperties) = preSolution
		HideSolutionNode = FALSE
	EndGlobalSection
	GlobalSection(ExtensibilityGlobals) = postSolution
		SolutionGuid = {967DB2E8-E386-46C2-81B7-BA46BB714DC3}
	EndGlobalSection
EndGlobal
